{
  "requires": true,
  "lockfileVersion": 1,
  "dependencies": {
    "navigator-cordova-reactjs": {
      "version": "1.0.5",
      "resolved": "https://registry.npmjs.org/navigator-cordova-reactjs/-/navigator-cordova-reactjs-1.0.5.tgz",
      "integrity": "sha512-96oi0tuvTc+9OSEO2MV+R9dXi2qIgHqYLjJ3VeIObPQkW2hf+/B+NQTaHXeejGwpYEVReexMiFwT42FnX653Ow=="
    }
  }
}
